// !$*UTF8*$!
{
	archiveVersion = 1;
	classes = {
	};
	objectVersion = 50;
	objects = {

/* Begin PBXBuildFile section */
		5F5F7CE524A76BC900FB1AC4 /* SettingsView.swift in Sources */ = {isa = PBXBuildFile; fileRef = 5F5F7CE424A76BC900FB1AC4 /* SettingsView.swift */; };
		5F5F7CE724A76C3600FB1AC4 /* CoreDataHelpers.swift in Sources */ = {isa = PBXBuildFile; fileRef = 5F5F7CE624A76C3600FB1AC4 /* CoreDataHelpers.swift */; };
		5F6959BE24A7C407008B70D6 /* JSONNull.swift in Sources */ = {isa = PBXBuildFile; fileRef = 5FC592A824A65FAE00CBB631 /* JSONNull.swift */; };
		5F6959BF24A7C407008B70D6 /* LessonType.swift in Sources */ = {isa = PBXBuildFile; fileRef = 5FC592A324A65FAD00CBB631 /* LessonType.swift */; };
		5F6959C024A7C407008B70D6 /* Teacher.swift in Sources */ = {isa = PBXBuildFile; fileRef = 5FC592A724A65FAE00CBB631 /* Teacher.swift */; };
		5F6959C124A7C407008B70D6 /* Room.swift in Sources */ = {isa = PBXBuildFile; fileRef = 5FC592A524A65FAD00CBB631 /* Room.swift */; };
		5F6959C224A7C407008B70D6 /* ErrorMessage.swift in Sources */ = {isa = PBXBuildFile; fileRef = 5FC592A224A65FAD00CBB631 /* ErrorMessage.swift */; };
		5F6959C324A7C407008B70D6 /* Group.swift in Sources */ = {isa = PBXBuildFile; fileRef = 5FC592AA24A65FAE00CBB631 /* Group.swift */; };
		5F6959C424A7C407008B70D6 /* DayName.swift in Sources */ = {isa = PBXBuildFile; fileRef = 5FC592A624A65FAD00CBB631 /* DayName.swift */; };
		5F6959C524A7C407008B70D6 /* Meta.swift in Sources */ = {isa = PBXBuildFile; fileRef = 5FC592A424A65FAD00CBB631 /* Meta.swift */; };
		5F6959C624A7C407008B70D6 /* Lesson.swift in Sources */ = {isa = PBXBuildFile; fileRef = 5FC592A924A65FAE00CBB631 /* Lesson.swift */; };
		5F6959C724A7C66B008B70D6 /* UserData.swift in Sources */ = {isa = PBXBuildFile; fileRef = 5FC592B424A6600F00CBB631 /* UserData.swift */; };
		5F6959C824A7C66B008B70D6 /* Server.swift in Sources */ = {isa = PBXBuildFile; fileRef = 5FC592B624A68F2900CBB631 /* Server.swift */; };
		5F6959C924A7C66B008B70D6 /* CoreDataHelpers.swift in Sources */ = {isa = PBXBuildFile; fileRef = 5F5F7CE624A76C3600FB1AC4 /* CoreDataHelpers.swift */; };
		5F6959CA24A7C673008B70D6 /* String+Extensions.swift in Sources */ = {isa = PBXBuildFile; fileRef = 5FC592B824A695C600CBB631 /* String+Extensions.swift */; };
		5F6959CB24A7C69A008B70D6 /* kpiRozklad.xcdatamodeld in Sources */ = {isa = PBXBuildFile; fileRef = 5FA0367A24A76832006BD534 /* kpiRozklad.xcdatamodeld */; };
		5F6959CC24A7C6AB008B70D6 /* LessonRow.swift in Sources */ = {isa = PBXBuildFile; fileRef = 5FC5929F24A65F5900CBB631 /* LessonRow.swift */; };
		5F831B2D24A7AAB3000D811C /* WidgetKit.framework in Frameworks */ = {isa = PBXBuildFile; fileRef = 5F831B2C24A7AAB3000D811C /* WidgetKit.framework */; };
		5F831B2F24A7AAB3000D811C /* SwiftUI.framework in Frameworks */ = {isa = PBXBuildFile; fileRef = 5F831B2E24A7AAB3000D811C /* SwiftUI.framework */; };
		5F831B3224A7AAB3000D811C /* kpiRozkladWidget.swift in Sources */ = {isa = PBXBuildFile; fileRef = 5F831B3124A7AAB3000D811C /* kpiRozkladWidget.swift */; };
		5F831B3524A7AAB5000D811C /* Assets.xcassets in Resources */ = {isa = PBXBuildFile; fileRef = 5F831B3424A7AAB5000D811C /* Assets.xcassets */; };
		5F831B3724A7AAB5000D811C /* kpiRozkladWidget.intentdefinition in Sources */ = {isa = PBXBuildFile; fileRef = 5F831B3324A7AAB3000D811C /* kpiRozkladWidget.intentdefinition */; };
		5F831B3824A7AAB5000D811C /* kpiRozkladWidget.intentdefinition in Sources */ = {isa = PBXBuildFile; fileRef = 5F831B3324A7AAB3000D811C /* kpiRozkladWidget.intentdefinition */; };
		5F831B3B24A7AAB5000D811C /* kpiRozkladWidgetExtension.appex in Embed App Extensions */ = {isa = PBXBuildFile; fileRef = 5F831B2A24A7AAB3000D811C /* kpiRozkladWidgetExtension.appex */; settings = {ATTRIBUTES = (RemoveHeadersOnCopy, ); }; };
		5F831B4124A7AC70000D811C /* WidgetView.swift in Sources */ = {isa = PBXBuildFile; fileRef = 5F831B4024A7AC70000D811C /* WidgetView.swift */; };
		5F831B4224A7AD2D000D811C /* WidgetView.swift in Sources */ = {isa = PBXBuildFile; fileRef = 5F831B4024A7AC70000D811C /* WidgetView.swift */; };
		5F8972A424A7A614006522E3 /* LessonsView.swift in Sources */ = {isa = PBXBuildFile; fileRef = 5F8972A324A7A614006522E3 /* LessonsView.swift */; };
		5FA0367C24A76832006BD534 /* kpiRozklad.xcdatamodeld in Sources */ = {isa = PBXBuildFile; fileRef = 5FA0367A24A76832006BD534 /* kpiRozklad.xcdatamodeld */; };
		5FBFA1C824A7D16500FFB7C3 /* AppColors.swift in Sources */ = {isa = PBXBuildFile; fileRef = 5FBFA1C724A7D16500FFB7C3 /* AppColors.swift */; };
		5FC5922A24A65A2200CBB631 /* AppDelegate.swift in Sources */ = {isa = PBXBuildFile; fileRef = 5FC5922924A65A2200CBB631 /* AppDelegate.swift */; };
		5FC5922C24A65A2200CBB631 /* SceneDelegate.swift in Sources */ = {isa = PBXBuildFile; fileRef = 5FC5922B24A65A2200CBB631 /* SceneDelegate.swift */; };
		5FC5922F24A65A2200CBB631 /* kpiRozkladSwiftUI.xcdatamodeld in Sources */ = {isa = PBXBuildFile; fileRef = 5FC5922D24A65A2200CBB631 /* kpiRozkladSwiftUI.xcdatamodeld */; };
		5FC5923124A65A2200CBB631 /* ContentView.swift in Sources */ = {isa = PBXBuildFile; fileRef = 5FC5923024A65A2200CBB631 /* ContentView.swift */; };
		5FC5923324A65A2300CBB631 /* Assets.xcassets in Resources */ = {isa = PBXBuildFile; fileRef = 5FC5923224A65A2300CBB631 /* Assets.xcassets */; };
		5FC5923624A65A2300CBB631 /* Preview Assets.xcassets in Resources */ = {isa = PBXBuildFile; fileRef = 5FC5923524A65A2300CBB631 /* Preview Assets.xcassets */; };
		5FC5923924A65A2300CBB631 /* LaunchScreen.storyboard in Resources */ = {isa = PBXBuildFile; fileRef = 5FC5923724A65A2300CBB631 /* LaunchScreen.storyboard */; };
		5FC5924424A65A2300CBB631 /* kpiRozkladSwiftUITests.swift in Sources */ = {isa = PBXBuildFile; fileRef = 5FC5924324A65A2300CBB631 /* kpiRozkladSwiftUITests.swift */; };
		5FC5924F24A65A2300CBB631 /* kpiRozkladSwiftUIUITests.swift in Sources */ = {isa = PBXBuildFile; fileRef = 5FC5924E24A65A2300CBB631 /* kpiRozkladSwiftUIUITests.swift */; };
		5FC592A024A65F5900CBB631 /* LessonRow.swift in Sources */ = {isa = PBXBuildFile; fileRef = 5FC5929F24A65F5900CBB631 /* LessonRow.swift */; };
		5FC592AB24A65FAE00CBB631 /* ErrorMessage.swift in Sources */ = {isa = PBXBuildFile; fileRef = 5FC592A224A65FAD00CBB631 /* ErrorMessage.swift */; };
		5FC592AC24A65FAE00CBB631 /* LessonType.swift in Sources */ = {isa = PBXBuildFile; fileRef = 5FC592A324A65FAD00CBB631 /* LessonType.swift */; };
		5FC592AD24A65FAE00CBB631 /* Meta.swift in Sources */ = {isa = PBXBuildFile; fileRef = 5FC592A424A65FAD00CBB631 /* Meta.swift */; };
		5FC592AE24A65FAE00CBB631 /* Room.swift in Sources */ = {isa = PBXBuildFile; fileRef = 5FC592A524A65FAD00CBB631 /* Room.swift */; };
		5FC592AF24A65FAE00CBB631 /* DayName.swift in Sources */ = {isa = PBXBuildFile; fileRef = 5FC592A624A65FAD00CBB631 /* DayName.swift */; };
		5FC592B024A65FAE00CBB631 /* Teacher.swift in Sources */ = {isa = PBXBuildFile; fileRef = 5FC592A724A65FAE00CBB631 /* Teacher.swift */; };
		5FC592B124A65FAE00CBB631 /* JSONNull.swift in Sources */ = {isa = PBXBuildFile; fileRef = 5FC592A824A65FAE00CBB631 /* JSONNull.swift */; };
		5FC592B224A65FAE00CBB631 /* Lesson.swift in Sources */ = {isa = PBXBuildFile; fileRef = 5FC592A924A65FAE00CBB631 /* Lesson.swift */; };
		5FC592B324A65FAE00CBB631 /* Group.swift in Sources */ = {isa = PBXBuildFile; fileRef = 5FC592AA24A65FAE00CBB631 /* Group.swift */; };
		5FC592B524A6600F00CBB631 /* UserData.swift in Sources */ = {isa = PBXBuildFile; fileRef = 5FC592B424A6600F00CBB631 /* UserData.swift */; };
		5FC592B724A68F2900CBB631 /* Server.swift in Sources */ = {isa = PBXBuildFile; fileRef = 5FC592B624A68F2900CBB631 /* Server.swift */; };
		5FC592B924A695C600CBB631 /* String+Extensions.swift in Sources */ = {isa = PBXBuildFile; fileRef = 5FC592B824A695C600CBB631 /* String+Extensions.swift */; };
		5FC592BD24A7336C00CBB631 /* LessonsList.swift in Sources */ = {isa = PBXBuildFile; fileRef = 5FC592BC24A7336C00CBB631 /* LessonsList.swift */; };
/* End PBXBuildFile section */

/* Begin PBXContainerItemProxy section */
		5F831B3924A7AAB5000D811C /* PBXContainerItemProxy */ = {
			isa = PBXContainerItemProxy;
			containerPortal = 5FC5921E24A65A2200CBB631 /* Project object */;
			proxyType = 1;
			remoteGlobalIDString = 5F831B2924A7AAB3000D811C;
			remoteInfo = kpiRozkladWidgetExtension;
		};
		5FC5924024A65A2300CBB631 /* PBXContainerItemProxy */ = {
			isa = PBXContainerItemProxy;
			containerPortal = 5FC5921E24A65A2200CBB631 /* Project object */;
			proxyType = 1;
			remoteGlobalIDString = 5FC5922524A65A2200CBB631;
			remoteInfo = kpiRozkladSwiftUI;
		};
		5FC5924B24A65A2300CBB631 /* PBXContainerItemProxy */ = {
			isa = PBXContainerItemProxy;
			containerPortal = 5FC5921E24A65A2200CBB631 /* Project object */;
			proxyType = 1;
			remoteGlobalIDString = 5FC5922524A65A2200CBB631;
			remoteInfo = kpiRozkladSwiftUI;
		};
/* End PBXContainerItemProxy section */

/* Begin PBXCopyFilesBuildPhase section */
		5F831B3F24A7AAB5000D811C /* Embed App Extensions */ = {
			isa = PBXCopyFilesBuildPhase;
			buildActionMask = 2147483647;
			dstPath = "";
			dstSubfolderSpec = 13;
			files = (
				5F831B3B24A7AAB5000D811C /* kpiRozkladWidgetExtension.appex in Embed App Extensions */,
			);
			name = "Embed App Extensions";
			runOnlyForDeploymentPostprocessing = 0;
		};
/* End PBXCopyFilesBuildPhase section */

/* Begin PBXFileReference section */
		5F5F7CE424A76BC900FB1AC4 /* SettingsView.swift */ = {isa = PBXFileReference; lastKnownFileType = sourcecode.swift; path = SettingsView.swift; sourceTree = "<group>"; };
		5F5F7CE624A76C3600FB1AC4 /* CoreDataHelpers.swift */ = {isa = PBXFileReference; lastKnownFileType = sourcecode.swift; path = CoreDataHelpers.swift; sourceTree = "<group>"; };
		5F831B2A24A7AAB3000D811C /* kpiRozkladWidgetExtension.appex */ = {isa = PBXFileReference; explicitFileType = "wrapper.app-extension"; includeInIndex = 0; path = kpiRozkladWidgetExtension.appex; sourceTree = BUILT_PRODUCTS_DIR; };
		5F831B2C24A7AAB3000D811C /* WidgetKit.framework */ = {isa = PBXFileReference; lastKnownFileType = wrapper.framework; name = WidgetKit.framework; path = System/Library/Frameworks/WidgetKit.framework; sourceTree = SDKROOT; };
		5F831B2E24A7AAB3000D811C /* SwiftUI.framework */ = {isa = PBXFileReference; lastKnownFileType = wrapper.framework; name = SwiftUI.framework; path = System/Library/Frameworks/SwiftUI.framework; sourceTree = SDKROOT; };
		5F831B3124A7AAB3000D811C /* kpiRozkladWidget.swift */ = {isa = PBXFileReference; lastKnownFileType = sourcecode.swift; path = kpiRozkladWidget.swift; sourceTree = "<group>"; };
		5F831B3324A7AAB3000D811C /* kpiRozkladWidget.intentdefinition */ = {isa = PBXFileReference; lastKnownFileType = file.intentdefinition; path = kpiRozkladWidget.intentdefinition; sourceTree = "<group>"; };
		5F831B3424A7AAB5000D811C /* Assets.xcassets */ = {isa = PBXFileReference; lastKnownFileType = folder.assetcatalog; path = Assets.xcassets; sourceTree = "<group>"; };
		5F831B3624A7AAB5000D811C /* Info.plist */ = {isa = PBXFileReference; lastKnownFileType = text.plist.xml; path = Info.plist; sourceTree = "<group>"; };
		5F831B4024A7AC70000D811C /* WidgetView.swift */ = {isa = PBXFileReference; lastKnownFileType = sourcecode.swift; path = WidgetView.swift; sourceTree = "<group>"; };
		5F8972A324A7A614006522E3 /* LessonsView.swift */ = {isa = PBXFileReference; lastKnownFileType = sourcecode.swift; path = LessonsView.swift; sourceTree = "<group>"; };
		5FA0367B24A76832006BD534 /* Lesson.xcdatamodel */ = {isa = PBXFileReference; lastKnownFileType = wrapper.xcdatamodel; path = Lesson.xcdatamodel; sourceTree = "<group>"; };
		5FBFA1C724A7D16500FFB7C3 /* AppColors.swift */ = {isa = PBXFileReference; lastKnownFileType = sourcecode.swift; path = AppColors.swift; sourceTree = "<group>"; };
		5FBFA1C924A7D4A800FFB7C3 /* kpiRozkladSwiftUI.entitlements */ = {isa = PBXFileReference; lastKnownFileType = text.plist.entitlements; path = kpiRozkladSwiftUI.entitlements; sourceTree = "<group>"; };
		5FC5922624A65A2200CBB631 /* kpiRozkladSwiftUI.app */ = {isa = PBXFileReference; explicitFileType = wrapper.application; includeInIndex = 0; path = kpiRozkladSwiftUI.app; sourceTree = BUILT_PRODUCTS_DIR; };
		5FC5922924A65A2200CBB631 /* AppDelegate.swift */ = {isa = PBXFileReference; lastKnownFileType = sourcecode.swift; path = AppDelegate.swift; sourceTree = "<group>"; };
		5FC5922B24A65A2200CBB631 /* SceneDelegate.swift */ = {isa = PBXFileReference; lastKnownFileType = sourcecode.swift; path = SceneDelegate.swift; sourceTree = "<group>"; };
		5FC5922E24A65A2200CBB631 /* kpiRozkladSwiftUI.xcdatamodel */ = {isa = PBXFileReference; lastKnownFileType = wrapper.xcdatamodel; path = kpiRozkladSwiftUI.xcdatamodel; sourceTree = "<group>"; };
		5FC5923024A65A2200CBB631 /* ContentView.swift */ = {isa = PBXFileReference; lastKnownFileType = sourcecode.swift; path = ContentView.swift; sourceTree = "<group>"; };
		5FC5923224A65A2300CBB631 /* Assets.xcassets */ = {isa = PBXFileReference; lastKnownFileType = folder.assetcatalog; path = Assets.xcassets; sourceTree = "<group>"; };
		5FC5923524A65A2300CBB631 /* Preview Assets.xcassets */ = {isa = PBXFileReference; lastKnownFileType = folder.assetcatalog; path = "Preview Assets.xcassets"; sourceTree = "<group>"; };
		5FC5923824A65A2300CBB631 /* Base */ = {isa = PBXFileReference; lastKnownFileType = file.storyboard; name = Base; path = Base.lproj/LaunchScreen.storyboard; sourceTree = "<group>"; };
		5FC5923A24A65A2300CBB631 /* Info.plist */ = {isa = PBXFileReference; lastKnownFileType = text.plist.xml; path = Info.plist; sourceTree = "<group>"; };
		5FC5923F24A65A2300CBB631 /* kpiRozkladSwiftUITests.xctest */ = {isa = PBXFileReference; explicitFileType = wrapper.cfbundle; includeInIndex = 0; path = kpiRozkladSwiftUITests.xctest; sourceTree = BUILT_PRODUCTS_DIR; };
		5FC5924324A65A2300CBB631 /* kpiRozkladSwiftUITests.swift */ = {isa = PBXFileReference; lastKnownFileType = sourcecode.swift; path = kpiRozkladSwiftUITests.swift; sourceTree = "<group>"; };
		5FC5924524A65A2300CBB631 /* Info.plist */ = {isa = PBXFileReference; lastKnownFileType = text.plist.xml; path = Info.plist; sourceTree = "<group>"; };
		5FC5924A24A65A2300CBB631 /* kpiRozkladSwiftUIUITests.xctest */ = {isa = PBXFileReference; explicitFileType = wrapper.cfbundle; includeInIndex = 0; path = kpiRozkladSwiftUIUITests.xctest; sourceTree = BUILT_PRODUCTS_DIR; };
		5FC5924E24A65A2300CBB631 /* kpiRozkladSwiftUIUITests.swift */ = {isa = PBXFileReference; lastKnownFileType = sourcecode.swift; path = kpiRozkladSwiftUIUITests.swift; sourceTree = "<group>"; };
		5FC5925024A65A2300CBB631 /* Info.plist */ = {isa = PBXFileReference; lastKnownFileType = text.plist.xml; path = Info.plist; sourceTree = "<group>"; };
		5FC5929F24A65F5900CBB631 /* LessonRow.swift */ = {isa = PBXFileReference; lastKnownFileType = sourcecode.swift; path = LessonRow.swift; sourceTree = "<group>"; };
		5FC592A224A65FAD00CBB631 /* ErrorMessage.swift */ = {isa = PBXFileReference; fileEncoding = 4; lastKnownFileType = sourcecode.swift; path = ErrorMessage.swift; sourceTree = "<group>"; };
		5FC592A324A65FAD00CBB631 /* LessonType.swift */ = {isa = PBXFileReference; fileEncoding = 4; lastKnownFileType = sourcecode.swift; path = LessonType.swift; sourceTree = "<group>"; };
		5FC592A424A65FAD00CBB631 /* Meta.swift */ = {isa = PBXFileReference; fileEncoding = 4; lastKnownFileType = sourcecode.swift; path = Meta.swift; sourceTree = "<group>"; };
		5FC592A524A65FAD00CBB631 /* Room.swift */ = {isa = PBXFileReference; fileEncoding = 4; lastKnownFileType = sourcecode.swift; path = Room.swift; sourceTree = "<group>"; };
		5FC592A624A65FAD00CBB631 /* DayName.swift */ = {isa = PBXFileReference; fileEncoding = 4; lastKnownFileType = sourcecode.swift; path = DayName.swift; sourceTree = "<group>"; };
		5FC592A724A65FAE00CBB631 /* Teacher.swift */ = {isa = PBXFileReference; fileEncoding = 4; lastKnownFileType = sourcecode.swift; path = Teacher.swift; sourceTree = "<group>"; };
		5FC592A824A65FAE00CBB631 /* JSONNull.swift */ = {isa = PBXFileReference; fileEncoding = 4; lastKnownFileType = sourcecode.swift; path = JSONNull.swift; sourceTree = "<group>"; };
		5FC592A924A65FAE00CBB631 /* Lesson.swift */ = {isa = PBXFileReference; fileEncoding = 4; lastKnownFileType = sourcecode.swift; path = Lesson.swift; sourceTree = "<group>"; };
		5FC592AA24A65FAE00CBB631 /* Group.swift */ = {isa = PBXFileReference; fileEncoding = 4; lastKnownFileType = sourcecode.swift; path = Group.swift; sourceTree = "<group>"; };
		5FC592B424A6600F00CBB631 /* UserData.swift */ = {isa = PBXFileReference; lastKnownFileType = sourcecode.swift; path = UserData.swift; sourceTree = "<group>"; };
		5FC592B624A68F2900CBB631 /* Server.swift */ = {isa = PBXFileReference; lastKnownFileType = sourcecode.swift; path = Server.swift; sourceTree = "<group>"; };
		5FC592B824A695C600CBB631 /* String+Extensions.swift */ = {isa = PBXFileReference; fileEncoding = 4; lastKnownFileType = sourcecode.swift; path = "String+Extensions.swift"; sourceTree = "<group>"; };
		5FC592BC24A7336C00CBB631 /* LessonsList.swift */ = {isa = PBXFileReference; lastKnownFileType = sourcecode.swift; path = LessonsList.swift; sourceTree = "<group>"; };
/* End PBXFileReference section */

/* Begin PBXFrameworksBuildPhase section */
		5F831B2724A7AAB3000D811C /* Frameworks */ = {
			isa = PBXFrameworksBuildPhase;
			buildActionMask = 2147483647;
			files = (
				5F831B2F24A7AAB3000D811C /* SwiftUI.framework in Frameworks */,
				5F831B2D24A7AAB3000D811C /* WidgetKit.framework in Frameworks */,
			);
			runOnlyForDeploymentPostprocessing = 0;
		};
		5FC5922324A65A2200CBB631 /* Frameworks */ = {
			isa = PBXFrameworksBuildPhase;
			buildActionMask = 2147483647;
			files = (
			);
			runOnlyForDeploymentPostprocessing = 0;
		};
		5FC5923C24A65A2300CBB631 /* Frameworks */ = {
			isa = PBXFrameworksBuildPhase;
			buildActionMask = 2147483647;
			files = (
			);
			runOnlyForDeploymentPostprocessing = 0;
		};
		5FC5924724A65A2300CBB631 /* Frameworks */ = {
			isa = PBXFrameworksBuildPhase;
			buildActionMask = 2147483647;
			files = (
			);
			runOnlyForDeploymentPostprocessing = 0;
		};
/* End PBXFrameworksBuildPhase section */

/* Begin PBXGroup section */
		5F831B2B24A7AAB3000D811C /* Frameworks */ = {
			isa = PBXGroup;
			children = (
				5F831B2C24A7AAB3000D811C /* WidgetKit.framework */,
				5F831B2E24A7AAB3000D811C /* SwiftUI.framework */,
			);
			name = Frameworks;
			sourceTree = "<group>";
		};
		5F831B3024A7AAB3000D811C /* kpiRozkladWidget */ = {
			isa = PBXGroup;
			children = (
				5F831B3124A7AAB3000D811C /* kpiRozkladWidget.swift */,
				5F831B3324A7AAB3000D811C /* kpiRozkladWidget.intentdefinition */,
				5F831B3424A7AAB5000D811C /* Assets.xcassets */,
				5F831B3624A7AAB5000D811C /* Info.plist */,
			);
			path = kpiRozkladWidget;
			sourceTree = "<group>";
		};
		5F8972A524A7A649006522E3 /* Lessons */ = {
			isa = PBXGroup;
			children = (
				5F8972A324A7A614006522E3 /* LessonsView.swift */,
				5FC592BC24A7336C00CBB631 /* LessonsList.swift */,
				5FC5929F24A65F5900CBB631 /* LessonRow.swift */,
			);
			path = Lessons;
			sourceTree = "<group>";
		};
		5F8972A624A7A65F006522E3 /* Settings */ = {
			isa = PBXGroup;
			children = (
				5F5F7CE424A76BC900FB1AC4 /* SettingsView.swift */,
			);
			path = Settings;
			sourceTree = "<group>";
		};
		5FC5921D24A65A2200CBB631 = {
			isa = PBXGroup;
			children = (
				5FC5922824A65A2200CBB631 /* kpiRozkladSwiftUI */,
				5FC5924224A65A2300CBB631 /* kpiRozkladSwiftUITests */,
				5FC5924D24A65A2300CBB631 /* kpiRozkladSwiftUIUITests */,
				5F831B3024A7AAB3000D811C /* kpiRozkladWidget */,
				5F831B2B24A7AAB3000D811C /* Frameworks */,
				5FC5922724A65A2200CBB631 /* Products */,
			);
			sourceTree = "<group>";
		};
		5FC5922724A65A2200CBB631 /* Products */ = {
			isa = PBXGroup;
			children = (
				5FC5922624A65A2200CBB631 /* kpiRozkladSwiftUI.app */,
				5FC5923F24A65A2300CBB631 /* kpiRozkladSwiftUITests.xctest */,
				5FC5924A24A65A2300CBB631 /* kpiRozkladSwiftUIUITests.xctest */,
				5F831B2A24A7AAB3000D811C /* kpiRozkladWidgetExtension.appex */,
			);
			name = Products;
			sourceTree = "<group>";
		};
		5FC5922824A65A2200CBB631 /* kpiRozkladSwiftUI */ = {
			isa = PBXGroup;
			children = (
				5FBFA1C924A7D4A800FFB7C3 /* kpiRozkladSwiftUI.entitlements */,
				5FC5922924A65A2200CBB631 /* AppDelegate.swift */,
				5FC5922B24A65A2200CBB631 /* SceneDelegate.swift */,
				5FC5923024A65A2200CBB631 /* ContentView.swift */,
				5FC592A124A65F9200CBB631 /* Structs */,
				5FC592BA24A7332200CBB631 /* Helpers */,
				5FC592BB24A7332900CBB631 /* Resources */,
				5F8972A524A7A649006522E3 /* Lessons */,
				5F8972A624A7A65F006522E3 /* Settings */,
				5F831B4024A7AC70000D811C /* WidgetView.swift */,
				5FC5923A24A65A2300CBB631 /* Info.plist */,
				5FA0367A24A76832006BD534 /* kpiRozklad.xcdatamodeld */,
				5FC5922D24A65A2200CBB631 /* kpiRozkladSwiftUI.xcdatamodeld */,
				5FC5923424A65A2300CBB631 /* Preview Content */,
			);
			path = kpiRozkladSwiftUI;
			sourceTree = "<group>";
		};
		5FC5923424A65A2300CBB631 /* Preview Content */ = {
			isa = PBXGroup;
			children = (
				5FC5923524A65A2300CBB631 /* Preview Assets.xcassets */,
			);
			path = "Preview Content";
			sourceTree = "<group>";
		};
		5FC5924224A65A2300CBB631 /* kpiRozkladSwiftUITests */ = {
			isa = PBXGroup;
			children = (
				5FC5924324A65A2300CBB631 /* kpiRozkladSwiftUITests.swift */,
				5FC5924524A65A2300CBB631 /* Info.plist */,
			);
			path = kpiRozkladSwiftUITests;
			sourceTree = "<group>";
		};
		5FC5924D24A65A2300CBB631 /* kpiRozkladSwiftUIUITests */ = {
			isa = PBXGroup;
			children = (
				5FC5924E24A65A2300CBB631 /* kpiRozkladSwiftUIUITests.swift */,
				5FC5925024A65A2300CBB631 /* Info.plist */,
			);
			path = kpiRozkladSwiftUIUITests;
			sourceTree = "<group>";
		};
		5FC592A124A65F9200CBB631 /* Structs */ = {
			isa = PBXGroup;
			children = (
				5FC592A624A65FAD00CBB631 /* DayName.swift */,
				5FC592A224A65FAD00CBB631 /* ErrorMessage.swift */,
				5FC592AA24A65FAE00CBB631 /* Group.swift */,
				5FC592A824A65FAE00CBB631 /* JSONNull.swift */,
				5FC592A924A65FAE00CBB631 /* Lesson.swift */,
				5FC592A324A65FAD00CBB631 /* LessonType.swift */,
				5FC592A424A65FAD00CBB631 /* Meta.swift */,
				5FC592A524A65FAD00CBB631 /* Room.swift */,
				5FC592A724A65FAE00CBB631 /* Teacher.swift */,
			);
			path = Structs;
			sourceTree = "<group>";
		};
		5FC592BA24A7332200CBB631 /* Helpers */ = {
			isa = PBXGroup;
			children = (
				5F5F7CE624A76C3600FB1AC4 /* CoreDataHelpers.swift */,
				5FC592B424A6600F00CBB631 /* UserData.swift */,
				5FC592B624A68F2900CBB631 /* Server.swift */,
				5FBFA1C724A7D16500FFB7C3 /* AppColors.swift */,
			);
			path = Helpers;
			sourceTree = "<group>";
		};
		5FC592BB24A7332900CBB631 /* Resources */ = {
			isa = PBXGroup;
			children = (
				5FC5923224A65A2300CBB631 /* Assets.xcassets */,
				5FC592B824A695C600CBB631 /* String+Extensions.swift */,
				5FC5923724A65A2300CBB631 /* LaunchScreen.storyboard */,
			);
			path = Resources;
			sourceTree = "<group>";
		};
/* End PBXGroup section */

/* Begin PBXNativeTarget section */
		5F831B2924A7AAB3000D811C /* kpiRozkladWidgetExtension */ = {
			isa = PBXNativeTarget;
			buildConfigurationList = 5F831B3C24A7AAB5000D811C /* Build configuration list for PBXNativeTarget "kpiRozkladWidgetExtension" */;
			buildPhases = (
				5F831B2624A7AAB3000D811C /* Sources */,
				5F831B2724A7AAB3000D811C /* Frameworks */,
				5F831B2824A7AAB3000D811C /* Resources */,
			);
			buildRules = (
			);
			dependencies = (
			);
			name = kpiRozkladWidgetExtension;
			productName = kpiRozkladWidgetExtension;
			productReference = 5F831B2A24A7AAB3000D811C /* kpiRozkladWidgetExtension.appex */;
			productType = "com.apple.product-type.app-extension";
		};
		5FC5922524A65A2200CBB631 /* kpiRozkladSwiftUI */ = {
			isa = PBXNativeTarget;
			buildConfigurationList = 5FC5925324A65A2300CBB631 /* Build configuration list for PBXNativeTarget "kpiRozkladSwiftUI" */;
			buildPhases = (
				5FC5922224A65A2200CBB631 /* Sources */,
				5FC5922324A65A2200CBB631 /* Frameworks */,
				5FC5922424A65A2200CBB631 /* Resources */,
				5F831B3F24A7AAB5000D811C /* Embed App Extensions */,
			);
			buildRules = (
			);
			dependencies = (
				5F831B3A24A7AAB5000D811C /* PBXTargetDependency */,
			);
			name = kpiRozkladSwiftUI;
			productName = kpiRozkladSwiftUI;
			productReference = 5FC5922624A65A2200CBB631 /* kpiRozkladSwiftUI.app */;
			productType = "com.apple.product-type.application";
		};
		5FC5923E24A65A2300CBB631 /* kpiRozkladSwiftUITests */ = {
			isa = PBXNativeTarget;
			buildConfigurationList = 5FC5925624A65A2300CBB631 /* Build configuration list for PBXNativeTarget "kpiRozkladSwiftUITests" */;
			buildPhases = (
				5FC5923B24A65A2300CBB631 /* Sources */,
				5FC5923C24A65A2300CBB631 /* Frameworks */,
				5FC5923D24A65A2300CBB631 /* Resources */,
			);
			buildRules = (
			);
			dependencies = (
				5FC5924124A65A2300CBB631 /* PBXTargetDependency */,
			);
			name = kpiRozkladSwiftUITests;
			productName = kpiRozkladSwiftUITests;
			productReference = 5FC5923F24A65A2300CBB631 /* kpiRozkladSwiftUITests.xctest */;
			productType = "com.apple.product-type.bundle.unit-test";
		};
		5FC5924924A65A2300CBB631 /* kpiRozkladSwiftUIUITests */ = {
			isa = PBXNativeTarget;
			buildConfigurationList = 5FC5925924A65A2300CBB631 /* Build configuration list for PBXNativeTarget "kpiRozkladSwiftUIUITests" */;
			buildPhases = (
				5FC5924624A65A2300CBB631 /* Sources */,
				5FC5924724A65A2300CBB631 /* Frameworks */,
				5FC5924824A65A2300CBB631 /* Resources */,
			);
			buildRules = (
			);
			dependencies = (
				5FC5924C24A65A2300CBB631 /* PBXTargetDependency */,
			);
			name = kpiRozkladSwiftUIUITests;
			productName = kpiRozkladSwiftUIUITests;
			productReference = 5FC5924A24A65A2300CBB631 /* kpiRozkladSwiftUIUITests.xctest */;
			productType = "com.apple.product-type.bundle.ui-testing";
		};
/* End PBXNativeTarget section */

/* Begin PBXProject section */
		5FC5921E24A65A2200CBB631 /* Project object */ = {
			isa = PBXProject;
			attributes = {
				LastSwiftUpdateCheck = 1200;
				LastUpgradeCheck = 1200;
				TargetAttributes = {
					5F831B2924A7AAB3000D811C = {
						CreatedOnToolsVersion = 12.0;
					};
					5FC5922524A65A2200CBB631 = {
						CreatedOnToolsVersion = 12.0;
					};
					5FC5923E24A65A2300CBB631 = {
						CreatedOnToolsVersion = 12.0;
						TestTargetID = 5FC5922524A65A2200CBB631;
					};
					5FC5924924A65A2300CBB631 = {
						CreatedOnToolsVersion = 12.0;
						TestTargetID = 5FC5922524A65A2200CBB631;
					};
				};
			};
			buildConfigurationList = 5FC5922124A65A2200CBB631 /* Build configuration list for PBXProject "kpiRozkladSwiftUI" */;
			compatibilityVersion = "Xcode 9.3";
			developmentRegion = en;
			hasScannedForEncodings = 0;
			knownRegions = (
				en,
				Base,
			);
			mainGroup = 5FC5921D24A65A2200CBB631;
			productRefGroup = 5FC5922724A65A2200CBB631 /* Products */;
			projectDirPath = "";
			projectRoot = "";
			targets = (
				5FC5922524A65A2200CBB631 /* kpiRozkladSwiftUI */,
				5FC5923E24A65A2300CBB631 /* kpiRozkladSwiftUITests */,
				5FC5924924A65A2300CBB631 /* kpiRozkladSwiftUIUITests */,
				5F831B2924A7AAB3000D811C /* kpiRozkladWidgetExtension */,
			);
		};
/* End PBXProject section */

/* Begin PBXResourcesBuildPhase section */
		5F831B2824A7AAB3000D811C /* Resources */ = {
			isa = PBXResourcesBuildPhase;
			buildActionMask = 2147483647;
			files = (
				5F831B3524A7AAB5000D811C /* Assets.xcassets in Resources */,
			);
			runOnlyForDeploymentPostprocessing = 0;
		};
		5FC5922424A65A2200CBB631 /* Resources */ = {
			isa = PBXResourcesBuildPhase;
			buildActionMask = 2147483647;
			files = (
				5FC5923924A65A2300CBB631 /* LaunchScreen.storyboard in Resources */,
				5FC5923624A65A2300CBB631 /* Preview Assets.xcassets in Resources */,
				5FC5923324A65A2300CBB631 /* Assets.xcassets in Resources */,
			);
			runOnlyForDeploymentPostprocessing = 0;
		};
		5FC5923D24A65A2300CBB631 /* Resources */ = {
			isa = PBXResourcesBuildPhase;
			buildActionMask = 2147483647;
			files = (
			);
			runOnlyForDeploymentPostprocessing = 0;
		};
		5FC5924824A65A2300CBB631 /* Resources */ = {
			isa = PBXResourcesBuildPhase;
			buildActionMask = 2147483647;
			files = (
			);
			runOnlyForDeploymentPostprocessing = 0;
		};
/* End PBXResourcesBuildPhase section */

/* Begin PBXSourcesBuildPhase section */
		5F831B2624A7AAB3000D811C /* Sources */ = {
			isa = PBXSourcesBuildPhase;
			buildActionMask = 2147483647;
			files = (
				5F6959C924A7C66B008B70D6 /* CoreDataHelpers.swift in Sources */,
				5F6959C824A7C66B008B70D6 /* Server.swift in Sources */,
				5F6959C724A7C66B008B70D6 /* UserData.swift in Sources */,
				5F6959C324A7C407008B70D6 /* Group.swift in Sources */,
				5F6959CA24A7C673008B70D6 /* String+Extensions.swift in Sources */,
				5F6959C024A7C407008B70D6 /* Teacher.swift in Sources */,
				5F831B4224A7AD2D000D811C /* WidgetView.swift in Sources */,
				5F6959C624A7C407008B70D6 /* Lesson.swift in Sources */,
				5F6959CC24A7C6AB008B70D6 /* LessonRow.swift in Sources */,
				5F6959C124A7C407008B70D6 /* Room.swift in Sources */,
				5F6959C524A7C407008B70D6 /* Meta.swift in Sources */,
				5F831B3224A7AAB3000D811C /* kpiRozkladWidget.swift in Sources */,
				5F6959C224A7C407008B70D6 /* ErrorMessage.swift in Sources */,
				5F6959BE24A7C407008B70D6 /* JSONNull.swift in Sources */,
				5F831B3724A7AAB5000D811C /* kpiRozkladWidget.intentdefinition in Sources */,
				5F6959BF24A7C407008B70D6 /* LessonType.swift in Sources */,
				5F6959CB24A7C69A008B70D6 /* kpiRozklad.xcdatamodeld in Sources */,
				5F6959C424A7C407008B70D6 /* DayName.swift in Sources */,
			);
			runOnlyForDeploymentPostprocessing = 0;
		};
		5FC5922224A65A2200CBB631 /* Sources */ = {
			isa = PBXSourcesBuildPhase;
			buildActionMask = 2147483647;
			files = (
				5FC592AC24A65FAE00CBB631 /* LessonType.swift in Sources */,
				5FC5922A24A65A2200CBB631 /* AppDelegate.swift in Sources */,
				5F8972A424A7A614006522E3 /* LessonsView.swift in Sources */,
				5FC592A024A65F5900CBB631 /* LessonRow.swift in Sources */,
				5FC592B524A6600F00CBB631 /* UserData.swift in Sources */,
				5FC5922C24A65A2200CBB631 /* SceneDelegate.swift in Sources */,
				5F5F7CE524A76BC900FB1AC4 /* SettingsView.swift in Sources */,
				5FC592AD24A65FAE00CBB631 /* Meta.swift in Sources */,
				5FA0367C24A76832006BD534 /* kpiRozklad.xcdatamodeld in Sources */,
				5FC592AE24A65FAE00CBB631 /* Room.swift in Sources */,
				5FC592B124A65FAE00CBB631 /* JSONNull.swift in Sources */,
				5F831B3824A7AAB5000D811C /* kpiRozkladWidget.intentdefinition in Sources */,
				5FC592B324A65FAE00CBB631 /* Group.swift in Sources */,
				5FBFA1C824A7D16500FFB7C3 /* AppColors.swift in Sources */,
				5FC592B224A65FAE00CBB631 /* Lesson.swift in Sources */,
				5FC5923124A65A2200CBB631 /* ContentView.swift in Sources */,
				5FC592BD24A7336C00CBB631 /* LessonsList.swift in Sources */,
				5FC592AB24A65FAE00CBB631 /* ErrorMessage.swift in Sources */,
				5FC592B924A695C600CBB631 /* String+Extensions.swift in Sources */,
				5F831B4124A7AC70000D811C /* WidgetView.swift in Sources */,
				5FC5922F24A65A2200CBB631 /* kpiRozkladSwiftUI.xcdatamodeld in Sources */,
				5FC592AF24A65FAE00CBB631 /* DayName.swift in Sources */,
				5F5F7CE724A76C3600FB1AC4 /* CoreDataHelpers.swift in Sources */,
				5FC592B724A68F2900CBB631 /* Server.swift in Sources */,
				5FC592B024A65FAE00CBB631 /* Teacher.swift in Sources */,
			);
			runOnlyForDeploymentPostprocessing = 0;
		};
		5FC5923B24A65A2300CBB631 /* Sources */ = {
			isa = PBXSourcesBuildPhase;
			buildActionMask = 2147483647;
			files = (
				5FC5924424A65A2300CBB631 /* kpiRozkladSwiftUITests.swift in Sources */,
			);
			runOnlyForDeploymentPostprocessing = 0;
		};
		5FC5924624A65A2300CBB631 /* Sources */ = {
			isa = PBXSourcesBuildPhase;
			buildActionMask = 2147483647;
			files = (
				5FC5924F24A65A2300CBB631 /* kpiRozkladSwiftUIUITests.swift in Sources */,
			);
			runOnlyForDeploymentPostprocessing = 0;
		};
/* End PBXSourcesBuildPhase section */

/* Begin PBXTargetDependency section */
		5F831B3A24A7AAB5000D811C /* PBXTargetDependency */ = {
			isa = PBXTargetDependency;
			target = 5F831B2924A7AAB3000D811C /* kpiRozkladWidgetExtension */;
			targetProxy = 5F831B3924A7AAB5000D811C /* PBXContainerItemProxy */;
		};
		5FC5924124A65A2300CBB631 /* PBXTargetDependency */ = {
			isa = PBXTargetDependency;
			target = 5FC5922524A65A2200CBB631 /* kpiRozkladSwiftUI */;
			targetProxy = 5FC5924024A65A2300CBB631 /* PBXContainerItemProxy */;
		};
		5FC5924C24A65A2300CBB631 /* PBXTargetDependency */ = {
			isa = PBXTargetDependency;
			target = 5FC5922524A65A2200CBB631 /* kpiRozkladSwiftUI */;
			targetProxy = 5FC5924B24A65A2300CBB631 /* PBXContainerItemProxy */;
		};
/* End PBXTargetDependency section */

/* Begin PBXVariantGroup section */
		5FC5923724A65A2300CBB631 /* LaunchScreen.storyboard */ = {
			isa = PBXVariantGroup;
			children = (
				5FC5923824A65A2300CBB631 /* Base */,
			);
			name = LaunchScreen.storyboard;
			sourceTree = "<group>";
		};
/* End PBXVariantGroup section */

/* Begin XCBuildConfiguration section */
		5F831B3D24A7AAB5000D811C /* Debug */ = {
			isa = XCBuildConfiguration;
			buildSettings = {
				ASSETCATALOG_COMPILER_GLOBAL_ACCENT_COLOR_NAME = AccentColor;
				ASSETCATALOG_COMPILER_WIDGET_BACKGROUND_COLOR_NAME = WidgetBackground;
				CODE_SIGN_STYLE = Automatic;
				DEVELOPMENT_TEAM = M92VXVU7J9;
				INFOPLIST_FILE = kpiRozkladWidget/Info.plist;
				LD_RUNPATH_SEARCH_PATHS = (
					"$(inherited)",
					"@executable_path/Frameworks",
					"@executable_path/../../Frameworks",
				);
				PRODUCT_BUNDLE_IDENTIFIER = ddanilyuk.kpiRozkladSwiftUI.kpiRozkladWidget;
				PRODUCT_NAME = "$(TARGET_NAME)";
				SKIP_INSTALL = YES;
				SWIFT_VERSION = 5.0;
				TARGETED_DEVICE_FAMILY = "1,2";
			};
			name = Debug;
		};
		5F831B3E24A7AAB5000D811C /* Release */ = {
			isa = XCBuildConfiguration;
			buildSettings = {
				ASSETCATALOG_COMPILER_GLOBAL_ACCENT_COLOR_NAME = AccentColor;
				ASSETCATALOG_COMPILER_WIDGET_BACKGROUND_COLOR_NAME = WidgetBackground;
				CODE_SIGN_STYLE = Automatic;
				DEVELOPMENT_TEAM = M92VXVU7J9;
				INFOPLIST_FILE = kpiRozkladWidget/Info.plist;
				LD_RUNPATH_SEARCH_PATHS = (
					"$(inherited)",
					"@executable_path/Frameworks",
					"@executable_path/../../Frameworks",
				);
				PRODUCT_BUNDLE_IDENTIFIER = ddanilyuk.kpiRozkladSwiftUI.kpiRozkladWidget;
				PRODUCT_NAME = "$(TARGET_NAME)";
				SKIP_INSTALL = YES;
				SWIFT_VERSION = 5.0;
				TARGETED_DEVICE_FAMILY = "1,2";
			};
			name = Release;
		};
		5FC5925124A65A2300CBB631 /* Debug */ = {
			isa = XCBuildConfiguration;
			buildSettings = {
				ALWAYS_SEARCH_USER_PATHS = NO;
				CLANG_ANALYZER_NONNULL = YES;
				CLANG_ANALYZER_NUMBER_OBJECT_CONVERSION = YES_AGGRESSIVE;
				CLANG_CXX_LANGUAGE_STANDARD = "gnu++14";
				CLANG_CXX_LIBRARY = "libc++";
				CLANG_ENABLE_MODULES = YES;
				CLANG_ENABLE_OBJC_ARC = YES;
				CLANG_ENABLE_OBJC_WEAK = YES;
				CLANG_WARN_BLOCK_CAPTURE_AUTORELEASING = YES;
				CLANG_WARN_BOOL_CONVERSION = YES;
				CLANG_WARN_COMMA = YES;
				CLANG_WARN_CONSTANT_CONVERSION = YES;
				CLANG_WARN_DEPRECATED_OBJC_IMPLEMENTATIONS = YES;
				CLANG_WARN_DIRECT_OBJC_ISA_USAGE = YES_ERROR;
				CLANG_WARN_DOCUMENTATION_COMMENTS = YES;
				CLANG_WARN_EMPTY_BODY = YES;
				CLANG_WARN_ENUM_CONVERSION = YES;
				CLANG_WARN_INFINITE_RECURSION = YES;
				CLANG_WARN_INT_CONVERSION = YES;
				CLANG_WARN_NON_LITERAL_NULL_CONVERSION = YES;
				CLANG_WARN_OBJC_IMPLICIT_RETAIN_SELF = YES;
				CLANG_WARN_OBJC_LITERAL_CONVERSION = YES;
				CLANG_WARN_OBJC_ROOT_CLASS = YES_ERROR;
				CLANG_WARN_QUOTED_INCLUDE_IN_FRAMEWORK_HEADER = YES;
				CLANG_WARN_RANGE_LOOP_ANALYSIS = YES;
				CLANG_WARN_STRICT_PROTOTYPES = YES;
				CLANG_WARN_SUSPICIOUS_MOVE = YES;
				CLANG_WARN_UNGUARDED_AVAILABILITY = YES_AGGRESSIVE;
				CLANG_WARN_UNREACHABLE_CODE = YES;
				CLANG_WARN__DUPLICATE_METHOD_MATCH = YES;
				COPY_PHASE_STRIP = NO;
				DEBUG_INFORMATION_FORMAT = dwarf;
				ENABLE_STRICT_OBJC_MSGSEND = YES;
				ENABLE_TESTABILITY = YES;
				GCC_C_LANGUAGE_STANDARD = gnu11;
				GCC_DYNAMIC_NO_PIC = NO;
				GCC_NO_COMMON_BLOCKS = YES;
				GCC_OPTIMIZATION_LEVEL = 0;
				GCC_PREPROCESSOR_DEFINITIONS = (
					"DEBUG=1",
					"$(inherited)",
				);
				GCC_WARN_64_TO_32_BIT_CONVERSION = YES;
				GCC_WARN_ABOUT_RETURN_TYPE = YES_ERROR;
				GCC_WARN_UNDECLARED_SELECTOR = YES;
				GCC_WARN_UNINITIALIZED_AUTOS = YES_AGGRESSIVE;
				GCC_WARN_UNUSED_FUNCTION = YES;
				GCC_WARN_UNUSED_VARIABLE = YES;
				IPHONEOS_DEPLOYMENT_TARGET = 14.0;
				MTL_ENABLE_DEBUG_INFO = INCLUDE_SOURCE;
				MTL_FAST_MATH = YES;
				ONLY_ACTIVE_ARCH = YES;
				SDKROOT = iphoneos;
				SWIFT_ACTIVE_COMPILATION_CONDITIONS = DEBUG;
				SWIFT_OPTIMIZATION_LEVEL = "-Onone";
			};
			name = Debug;
		};
		5FC5925224A65A2300CBB631 /* Release */ = {
			isa = XCBuildConfiguration;
			buildSettings = {
				ALWAYS_SEARCH_USER_PATHS = NO;
				CLANG_ANALYZER_NONNULL = YES;
				CLANG_ANALYZER_NUMBER_OBJECT_CONVERSION = YES_AGGRESSIVE;
				CLANG_CXX_LANGUAGE_STANDARD = "gnu++14";
				CLANG_CXX_LIBRARY = "libc++";
				CLANG_ENABLE_MODULES = YES;
				CLANG_ENABLE_OBJC_ARC = YES;
				CLANG_ENABLE_OBJC_WEAK = YES;
				CLANG_WARN_BLOCK_CAPTURE_AUTORELEASING = YES;
				CLANG_WARN_BOOL_CONVERSION = YES;
				CLANG_WARN_COMMA = YES;
				CLANG_WARN_CONSTANT_CONVERSION = YES;
				CLANG_WARN_DEPRECATED_OBJC_IMPLEMENTATIONS = YES;
				CLANG_WARN_DIRECT_OBJC_ISA_USAGE = YES_ERROR;
				CLANG_WARN_DOCUMENTATION_COMMENTS = YES;
				CLANG_WARN_EMPTY_BODY = YES;
				CLANG_WARN_ENUM_CONVERSION = YES;
				CLANG_WARN_INFINITE_RECURSION = YES;
				CLANG_WARN_INT_CONVERSION = YES;
				CLANG_WARN_NON_LITERAL_NULL_CONVERSION = YES;
				CLANG_WARN_OBJC_IMPLICIT_RETAIN_SELF = YES;
				CLANG_WARN_OBJC_LITERAL_CONVERSION = YES;
				CLANG_WARN_OBJC_ROOT_CLASS = YES_ERROR;
				CLANG_WARN_QUOTED_INCLUDE_IN_FRAMEWORK_HEADER = YES;
				CLANG_WARN_RANGE_LOOP_ANALYSIS = YES;
				CLANG_WARN_STRICT_PROTOTYPES = YES;
				CLANG_WARN_SUSPICIOUS_MOVE = YES;
				CLANG_WARN_UNGUARDED_AVAILABILITY = YES_AGGRESSIVE;
				CLANG_WARN_UNREACHABLE_CODE = YES;
				CLANG_WARN__DUPLICATE_METHOD_MATCH = YES;
				COPY_PHASE_STRIP = NO;
				DEBUG_INFORMATION_FORMAT = "dwarf-with-dsym";
				ENABLE_NS_ASSERTIONS = NO;
				ENABLE_STRICT_OBJC_MSGSEND = YES;
				GCC_C_LANGUAGE_STANDARD = gnu11;
				GCC_NO_COMMON_BLOCKS = YES;
				GCC_WARN_64_TO_32_BIT_CONVERSION = YES;
				GCC_WARN_ABOUT_RETURN_TYPE = YES_ERROR;
				GCC_WARN_UNDECLARED_SELECTOR = YES;
				GCC_WARN_UNINITIALIZED_AUTOS = YES_AGGRESSIVE;
				GCC_WARN_UNUSED_FUNCTION = YES;
				GCC_WARN_UNUSED_VARIABLE = YES;
				IPHONEOS_DEPLOYMENT_TARGET = 14.0;
				MTL_ENABLE_DEBUG_INFO = NO;
				MTL_FAST_MATH = YES;
				SDKROOT = iphoneos;
				SWIFT_COMPILATION_MODE = wholemodule;
				SWIFT_OPTIMIZATION_LEVEL = "-O";
				VALIDATE_PRODUCT = YES;
			};
			name = Release;
		};
		5FC5925424A65A2300CBB631 /* Debug */ = {
			isa = XCBuildConfiguration;
			buildSettings = {
				ALWAYS_EMBED_SWIFT_STANDARD_LIBRARIES = YES;
				ASSETCATALOG_COMPILER_APPICON_NAME = AppIcon;
				ASSETCATALOG_COMPILER_GLOBAL_ACCENT_COLOR_NAME = AccentColor;
				CODE_SIGN_ENTITLEMENTS = kpiRozkladSwiftUI/kpiRozkladSwiftUI.entitlements;
				CODE_SIGN_STYLE = Automatic;
				DEVELOPMENT_ASSET_PATHS = "\"kpiRozkladSwiftUI/Preview Content\"";
				DEVELOPMENT_TEAM = M92VXVU7J9;
				ENABLE_PREVIEWS = YES;
				INFOPLIST_FILE = kpiRozkladSwiftUI/Info.plist;
				LD_RUNPATH_SEARCH_PATHS = (
					"$(inherited)",
					"@executable_path/Frameworks",
				);
				PRODUCT_BUNDLE_IDENTIFIER = ddanilyuk.kpiRozkladSwiftUI;
				PRODUCT_NAME = "$(TARGET_NAME)";
				SWIFT_VERSION = 5.0;
				TARGETED_DEVICE_FAMILY = "1,2";
			};
			name = Debug;
		};
		5FC5925524A65A2300CBB631 /* Release */ = {
			isa = XCBuildConfiguration;
			buildSettings = {
				ALWAYS_EMBED_SWIFT_STANDARD_LIBRARIES = YES;
				ASSETCATALOG_COMPILER_APPICON_NAME = AppIcon;
				ASSETCATALOG_COMPILER_GLOBAL_ACCENT_COLOR_NAME = AccentColor;
				CODE_SIGN_ENTITLEMENTS = kpiRozkladSwiftUI/kpiRozkladSwiftUI.entitlements;
				CODE_SIGN_STYLE = Automatic;
				DEVELOPMENT_ASSET_PATHS = "\"kpiRozkladSwiftUI/Preview Content\"";
				DEVELOPMENT_TEAM = M92VXVU7J9;
				ENABLE_PREVIEWS = YES;
				INFOPLIST_FILE = kpiRozkladSwiftUI/Info.plist;
				LD_RUNPATH_SEARCH_PATHS = (
					"$(inherited)",
					"@executable_path/Frameworks",
				);
				PRODUCT_BUNDLE_IDENTIFIER = ddanilyuk.kpiRozkladSwiftUI;
				PRODUCT_NAME = "$(TARGET_NAME)";
				SWIFT_VERSION = 5.0;
				TARGETED_DEVICE_FAMILY = "1,2";
			};
			name = Release;
		};
		5FC5925724A65A2300CBB631 /* Debug */ = {
			isa = XCBuildConfiguration;
			buildSettings = {
				ALWAYS_EMBED_SWIFT_STANDARD_LIBRARIES = YES;
				BUNDLE_LOADER = "$(TEST_HOST)";
				CODE_SIGN_STYLE = Automatic;
				DEVELOPMENT_TEAM = M92VXVU7J9;
				INFOPLIST_FILE = kpiRozkladSwiftUITests/Info.plist;
				IPHONEOS_DEPLOYMENT_TARGET = 14.0;
				LD_RUNPATH_SEARCH_PATHS = (
					"$(inherited)",
					"@executable_path/Frameworks",
					"@loader_path/Frameworks",
				);
				PRODUCT_BUNDLE_IDENTIFIER = ddanilyuk.kpiRozkladSwiftUITests;
				PRODUCT_NAME = "$(TARGET_NAME)";
				SWIFT_VERSION = 5.0;
				TARGETED_DEVICE_FAMILY = "1,2";
				TEST_HOST = "$(BUILT_PRODUCTS_DIR)/kpiRozkladSwiftUI.app/kpiRozkladSwiftUI";
			};
			name = Debug;
		};
		5FC5925824A65A2300CBB631 /* Release */ = {
			isa = XCBuildConfiguration;
			buildSettings = {
				ALWAYS_EMBED_SWIFT_STANDARD_LIBRARIES = YES;
				BUNDLE_LOADER = "$(TEST_HOST)";
				CODE_SIGN_STYLE = Automatic;
				DEVELOPMENT_TEAM = M92VXVU7J9;
				INFOPLIST_FILE = kpiRozkladSwiftUITests/Info.plist;
				IPHONEOS_DEPLOYMENT_TARGET = 14.0;
				LD_RUNPATH_SEARCH_PATHS = (
					"$(inherited)",
					"@executable_path/Frameworks",
					"@loader_path/Frameworks",
				);
				PRODUCT_BUNDLE_IDENTIFIER = ddanilyuk.kpiRozkladSwiftUITests;
				PRODUCT_NAME = "$(TARGET_NAME)";
				SWIFT_VERSION = 5.0;
				TARGETED_DEVICE_FAMILY = "1,2";
				TEST_HOST = "$(BUILT_PRODUCTS_DIR)/kpiRozkladSwiftUI.app/kpiRozkladSwiftUI";
			};
			name = Release;
		};
		5FC5925A24A65A2300CBB631 /* Debug */ = {
			isa = XCBuildConfiguration;
			buildSettings = {
				ALWAYS_EMBED_SWIFT_STANDARD_LIBRARIES = YES;
				CODE_SIGN_STYLE = Automatic;
				DEVELOPMENT_TEAM = M92VXVU7J9;
				INFOPLIST_FILE = kpiRozkladSwiftUIUITests/Info.plist;
				LD_RUNPATH_SEARCH_PATHS = (
					"$(inherited)",
					"@executable_path/Frameworks",
					"@loader_path/Frameworks",
				);
				PRODUCT_BUNDLE_IDENTIFIER = ddanilyuk.kpiRozkladSwiftUIUITests;
				PRODUCT_NAME = "$(TARGET_NAME)";
				SWIFT_VERSION = 5.0;
				TARGETED_DEVICE_FAMILY = "1,2";
				TEST_TARGET_NAME = kpiRozkladSwiftUI;
			};
			name = Debug;
		};
		5FC5925B24A65A2300CBB631 /* Release */ = {
			isa = XCBuildConfiguration;
			buildSettings = {
				ALWAYS_EMBED_SWIFT_STANDARD_LIBRARIES = YES;
				CODE_SIGN_STYLE = Automatic;
				DEVELOPMENT_TEAM = M92VXVU7J9;
				INFOPLIST_FILE = kpiRozkladSwiftUIUITests/Info.plist;
				LD_RUNPATH_SEARCH_PATHS = (
					"$(inherited)",
					"@executable_path/Frameworks",
					"@loader_path/Frameworks",
				);
				PRODUCT_BUNDLE_IDENTIFIER = ddanilyuk.kpiRozkladSwiftUIUITests;
				PRODUCT_NAME = "$(TARGET_NAME)";
				SWIFT_VERSION = 5.0;
				TARGETED_DEVICE_FAMILY = "1,2";
				TEST_TARGET_NAME = kpiRozkladSwiftUI;
			};
			name = Release;
		};
/* End XCBuildConfiguration section */

/* Begin XCConfigurationList section */
		5F831B3C24A7AAB5000D811C /* Build configuration list for PBXNativeTarget "kpiRozkladWidgetExtension" */ = {
			isa = XCConfigurationList;
			buildConfigurations = (
				5F831B3D24A7AAB5000D811C /* Debug */,
				5F831B3E24A7AAB5000D811C /* Release */,
			);
			defaultConfigurationIsVisible = 0;
			defaultConfigurationName = Release;
		};
		5FC5922124A65A2200CBB631 /* Build configuration list for PBXProject "kpiRozkladSwiftUI" */ = {
			isa = XCConfigurationList;
			buildConfigurations = (
				5FC5925124A65A2300CBB631 /* Debug */,
				5FC5925224A65A2300CBB631 /* Release */,
			);
			defaultConfigurationIsVisible = 0;
			defaultConfigurationName = Release;
		};
		5FC5925324A65A2300CBB631 /* Build configuration list for PBXNativeTarget "kpiRozkladSwiftUI" */ = {
			isa = XCConfigurationList;
			buildConfigurations = (
				5FC5925424A65A2300CBB631 /* Debug */,
				5FC5925524A65A2300CBB631 /* Release */,
			);
			defaultConfigurationIsVisible = 0;
			defaultConfigurationName = Release;
		};
		5FC5925624A65A2300CBB631 /* Build configuration list for PBXNativeTarget "kpiRozkladSwiftUITests" */ = {
			isa = XCConfigurationList;
			buildConfigurations = (
				5FC5925724A65A2300CBB631 /* Debug */,
				5FC5925824A65A2300CBB631 /* Release */,
			);
			defaultConfigurationIsVisible = 0;
			defaultConfigurationName = Release;
		};
		5FC5925924A65A2300CBB631 /* Build configuration list for PBXNativeTarget "kpiRozkladSwiftUIUITests" */ = {
			isa = XCConfigurationList;
			buildConfigurations = (
				5FC5925A24A65A2300CBB631 /* Debug */,
				5FC5925B24A65A2300CBB631 /* Release */,
			);
			defaultConfigurationIsVisible = 0;
			defaultConfigurationName = Release;
		};
/* End XCConfigurationList section */

/* Begin XCVersionGroup section */
		5FA0367A24A76832006BD534 /* kpiRozklad.xcdatamodeld */ = {
			isa = XCVersionGroup;
			children = (
				5FA0367B24A76832006BD534 /* Lesson.xcdatamodel */,
			);
			currentVersion = 5FA0367B24A76832006BD534 /* Lesson.xcdatamodel */;
			path = kpiRozklad.xcdatamodeld;
			sourceTree = "<group>";
			versionGroupType = wrapper.xcdatamodel;
		};
		5FC5922D24A65A2200CBB631 /* kpiRozkladSwiftUI.xcdatamodeld */ = {
			isa = XCVersionGroup;
			children = (
				5FC5922E24A65A2200CBB631 /* kpiRozkladSwiftUI.xcdatamodel */,
			);
			currentVersion = 5FC5922E24A65A2200CBB631 /* kpiRozkladSwiftUI.xcdatamodel */;
			path = kpiRozkladSwiftUI.xcdatamodeld;
			sourceTree = "<group>";
			versionGroupType = wrapper.xcdatamodel;
		};
/* End XCVersionGroup section */
	};
	rootObject = 5FC5921E24A65A2200CBB631 /* Project object */;
}
